// !$*UTF8*$!
{
	archiveVersion = 1;
	classes = {
	};
	objectVersion = 46;
	objects = {

/* Begin PBXBuildFile section */
		B2086FD61DC5A29900A18E71 /* TagEntity.swift in Sources */ = {isa = PBXBuildFile; fileRef = B2086FD51DC5A29900A18E71 /* TagEntity.swift */; };
		B2086FD81DC5AE0F00A18E71 /* ImageEntity.swift in Sources */ = {isa = PBXBuildFile; fileRef = B2086FD71DC5AE0F00A18E71 /* ImageEntity.swift */; };
		B218000D1FC28C0200EE7924 /* AssetTaskProcessor.swift in Sources */ = {isa = PBXBuildFile; fileRef = B218000C1FC28C0200EE7924 /* AssetTaskProcessor.swift */; };
		B21E09261F5CA178002C2B41 /* TagImageEntity.swift in Sources */ = {isa = PBXBuildFile; fileRef = B21E09251F5CA178002C2B41 /* TagImageEntity.swift */; };
		B23095181F4E6219002166A9 /* ImagePreviewCell.swift in Sources */ = {isa = PBXBuildFile; fileRef = B23095171F4E6219002166A9 /* ImagePreviewCell.swift */; };
		B23280FD1FBB7331007B7B36 /* GeoHashEntity.swift in Sources */ = {isa = PBXBuildFile; fileRef = B23280FC1FBB7331007B7B36 /* GeoHashEntity.swift */; };
		B24D23A41FDDF55F0096C8A9 /* TagsViewController.swift in Sources */ = {isa = PBXBuildFile; fileRef = B24D23A31FDDF55F0096C8A9 /* TagsViewController.swift */; };
		B2558A801FC08FEC00293DE3 /* AssetTaskEntity.swift in Sources */ = {isa = PBXBuildFile; fileRef = B2558A7F1FC08FEC00293DE3 /* AssetTaskEntity.swift */; };
		B2558A891FC1159D00293DE3 /* AssetTaskRepository.swift in Sources */ = {isa = PBXBuildFile; fileRef = B2558A881FC1159D00293DE3 /* AssetTaskRepository.swift */; };
		B25E4F851F8A816F00AE34C0 /* Settings.swift in Sources */ = {isa = PBXBuildFile; fileRef = B25E4F841F8A816F00AE34C0 /* Settings.swift */; };
		B26714511FD30FCB00AE0A16 /* AppTitle.swift in Sources */ = {isa = PBXBuildFile; fileRef = B26714501FD30FCB00AE0A16 /* AppTitle.swift */; };
		B26CEE961FCB4736008DE0E2 /* iTunesArtwork@2x.png in Resources */ = {isa = PBXBuildFile; fileRef = B26CEE8E1FCB4736008DE0E2 /* iTunesArtwork@2x.png */; };
		B277463C1FC742EE003C6D28 /* AppStatus.swift in Sources */ = {isa = PBXBuildFile; fileRef = B277463B1FC742EE003C6D28 /* AppStatus.swift */; };
		B27D65DD1DBC17D3001E579A /* AppDelegate.swift in Sources */ = {isa = PBXBuildFile; fileRef = B27D65DC1DBC17D3001E579A /* AppDelegate.swift */; };
		B27D65E21DBC17D3001E579A /* Main.storyboard in Resources */ = {isa = PBXBuildFile; fileRef = B27D65E01DBC17D3001E579A /* Main.storyboard */; };
		B27D65E41DBC17D3001E579A /* Assets.xcassets in Resources */ = {isa = PBXBuildFile; fileRef = B27D65E31DBC17D3001E579A /* Assets.xcassets */; };
		B27D65E71DBC17D3001E579A /* LaunchScreen.storyboard in Resources */ = {isa = PBXBuildFile; fileRef = B27D65E51DBC17D3001E579A /* LaunchScreen.storyboard */; };
		B27D661E1DBC1C39001E579A /* SQLite.framework in Frameworks */ = {isa = PBXBuildFile; fileRef = B27D66111DBC1C04001E579A /* SQLite.framework */; };
		B27D661F1DBC1C39001E579A /* SQLite.framework in Embed Frameworks */ = {isa = PBXBuildFile; fileRef = B27D66111DBC1C04001E579A /* SQLite.framework */; settings = {ATTRIBUTES = (CodeSignOnCopy, RemoveHeadersOnCopy, ); }; };
		B27D66251DBC1D10001E579A /* StringExtensions.swift in Sources */ = {isa = PBXBuildFile; fileRef = B27D66241DBC1D10001E579A /* StringExtensions.swift */; };
		B27D66271DBC1E7E001E579A /* SequenceTypeExtensions.swift in Sources */ = {isa = PBXBuildFile; fileRef = B27D66261DBC1E7E001E579A /* SequenceTypeExtensions.swift */; };
		B27D662A1DBC2732001E579A /* DataStore.swift in Sources */ = {isa = PBXBuildFile; fileRef = B27D66291DBC2732001E579A /* DataStore.swift */; };
		B27D662C1DBC2CFA001E579A /* DataAccessError.swift in Sources */ = {isa = PBXBuildFile; fileRef = B27D662B1DBC2CFA001E579A /* DataAccessError.swift */; };
		B27D662E1DBC2DB0001E579A /* TagRepository.swift in Sources */ = {isa = PBXBuildFile; fileRef = B27D662D1DBC2DB0001E579A /* TagRepository.swift */; };
		B27D66301DBC3339001E579A /* ImageRepository.swift in Sources */ = {isa = PBXBuildFile; fileRef = B27D662F1DBC3339001E579A /* ImageRepository.swift */; };
		B27D664F1DBD1C6C001E579A /* SideMenuController.framework in Frameworks */ = {isa = PBXBuildFile; fileRef = B27D664C1DBD1BE2001E579A /* SideMenuController.framework */; };
		B27D66501DBD1C6C001E579A /* SideMenuController.framework in Embed Frameworks */ = {isa = PBXBuildFile; fileRef = B27D664C1DBD1BE2001E579A /* SideMenuController.framework */; settings = {ATTRIBUTES = (CodeSignOnCopy, RemoveHeadersOnCopy, ); }; };
		B27D66551DBD9E4C001E579A /* CustomSideMenuController.swift in Sources */ = {isa = PBXBuildFile; fileRef = B27D66541DBD9E4C001E579A /* CustomSideMenuController.swift */; };
		B27D66571DBDAAB0001E579A /* ContentViewController.swift in Sources */ = {isa = PBXBuildFile; fileRef = B27D66561DBDAAB0001E579A /* ContentViewController.swift */; };
		B27D66591DBDAC69001E579A /* MenuController.swift in Sources */ = {isa = PBXBuildFile; fileRef = B27D66581DBDAC69001E579A /* MenuController.swift */; };
		B29007431F816CCA00270793 /* SearchCache.swift in Sources */ = {isa = PBXBuildFile; fileRef = B29007421F816CCA00270793 /* SearchCache.swift */; };
		B291812F1F531AB600DBBC86 /* TagSelectorViewController.swift in Sources */ = {isa = PBXBuildFile; fileRef = B291812E1F531AB600DBBC86 /* TagSelectorViewController.swift */; };
		B29181421F5340B100DBBC86 /* NWSToken.swift in Sources */ = {isa = PBXBuildFile; fileRef = B29181401F5340B100DBBC86 /* NWSToken.swift */; };
		B29181431F5340B100DBBC86 /* NWSTokenView.swift in Sources */ = {isa = PBXBuildFile; fileRef = B29181411F5340B100DBBC86 /* NWSTokenView.swift */; };
		B291815F1F538EB600DBBC86 /* NWSImageToken.swift in Sources */ = {isa = PBXBuildFile; fileRef = B291815D1F538EB600DBBC86 /* NWSImageToken.swift */; };
		B29181601F538EB600DBBC86 /* NWSImageToken.xib in Resources */ = {isa = PBXBuildFile; fileRef = B291815E1F538EB600DBBC86 /* NWSImageToken.xib */; };
		B29BEC711F4A862500696D47 /* ImageCache.swift in Sources */ = {isa = PBXBuildFile; fileRef = B29BEC701F4A862500696D47 /* ImageCache.swift */; };
		B2A295971F5E570100289F8A /* ImagePageViewController.swift in Sources */ = {isa = PBXBuildFile; fileRef = B2A295961F5E570100289F8A /* ImagePageViewController.swift */; };
		B2A295A01F5E5EDB00289F8A /* PageContentViewController.swift in Sources */ = {isa = PBXBuildFile; fileRef = B2A2959F1F5E5EDB00289F8A /* PageContentViewController.swift */; };
		B2AE26491F81243600CD0E6F /* SearchRepository.swift in Sources */ = {isa = PBXBuildFile; fileRef = B2AE26481F81243600CD0E6F /* SearchRepository.swift */; };
		B2AE26521F812D7F00CD0E6F /* SearchEntity.swift in Sources */ = {isa = PBXBuildFile; fileRef = B2AE26511F812D7F00CD0E6F /* SearchEntity.swift */; };
		B2AE26541F812D9400CD0E6F /* SearchResultEntity.swift in Sources */ = {isa = PBXBuildFile; fileRef = B2AE26531F812D9400CD0E6F /* SearchResultEntity.swift */; };
		B2B7F5D91F60E29F00D5E81A /* NotifiableOnTapProtocol.swift in Sources */ = {isa = PBXBuildFile; fileRef = B2B7F5D81F60E29F00D5E81A /* NotifiableOnTapProtocol.swift */; };
		B2B951391FD32C9100144038 /* MainViewController.swift in Sources */ = {isa = PBXBuildFile; fileRef = B2B951381FD32C9100144038 /* MainViewController.swift */; };
		B2BA67F71FC7A7B400C2C838 /* AsssetRepository.swift in Sources */ = {isa = PBXBuildFile; fileRef = B2BA67F61FC7A7B400C2C838 /* AsssetRepository.swift */; };
		B2BD76A91FA6BE9800024DF9 /* Locking.swift in Sources */ = {isa = PBXBuildFile; fileRef = B2BD76A81FA6BE9800024DF9 /* Locking.swift */; };
		B2D21EB71FCF8FFF00CB1556 /* ImageLoaders.swift in Sources */ = {isa = PBXBuildFile; fileRef = B2D21EB61FCF8FFF00CB1556 /* ImageLoaders.swift */; };
		B2D661F51F5D9B8300AA16AB /* ContentViewProtocol.swift in Sources */ = {isa = PBXBuildFile; fileRef = B2D661F41F5D9B8300AA16AB /* ContentViewProtocol.swift */; };
		B2D661FE1F5DC43C00AA16AB /* NotifiableOnCloseProtocol.swift in Sources */ = {isa = PBXBuildFile; fileRef = B2D661FD1F5DC43C00AA16AB /* NotifiableOnCloseProtocol.swift */; };
		B2D7560A1FD7A7600065405B /* BlurView.swift in Sources */ = {isa = PBXBuildFile; fileRef = B2D755DB1FD7A7600065405B /* BlurView.swift */; };
		B2D7560B1FD7A7600065405B /* AVPlayer.swift in Sources */ = {isa = PBXBuildFile; fileRef = B2D755DD1FD7A7600065405B /* AVPlayer.swift */; };
		B2D7560C1FD7A7600065405B /* Bool.swift in Sources */ = {isa = PBXBuildFile; fileRef = B2D755DE1FD7A7600065405B /* Bool.swift */; };
		B2D7560D1FD7A7600065405B /* CALayer.swift in Sources */ = {isa = PBXBuildFile; fileRef = B2D755DF1FD7A7600065405B /* CALayer.swift */; };
		B2D7560E1FD7A7600065405B /* CAShapeLayer.swift in Sources */ = {isa = PBXBuildFile; fileRef = B2D755E01FD7A7600065405B /* CAShapeLayer.swift */; };
		B2D7560F1FD7A7600065405B /* CGPoint.swift in Sources */ = {isa = PBXBuildFile; fileRef = B2D755E11FD7A7600065405B /* CGPoint.swift */; };
		B2D756101FD7A7600065405B /* CGRect.swift in Sources */ = {isa = PBXBuildFile; fileRef = B2D755E21FD7A7600065405B /* CGRect.swift */; };
		B2D756111FD7A7600065405B /* CGSize.swift in Sources */ = {isa = PBXBuildFile; fileRef = B2D755E31FD7A7600065405B /* CGSize.swift */; };
		B2D756121FD7A7600065405B /* UIApplication.swift in Sources */ = {isa = PBXBuildFile; fileRef = B2D755E41FD7A7600065405B /* UIApplication.swift */; };
		B2D756131FD7A7600065405B /* UIBezierPath.swift in Sources */ = {isa = PBXBuildFile; fileRef = B2D755E51FD7A7600065405B /* UIBezierPath.swift */; };
		B2D756141FD7A7600065405B /* UIButton.swift in Sources */ = {isa = PBXBuildFile; fileRef = B2D755E61FD7A7600065405B /* UIButton.swift */; };
		B2D756151FD7A7600065405B /* UIColor.swift in Sources */ = {isa = PBXBuildFile; fileRef = B2D755E71FD7A7600065405B /* UIColor.swift */; };
		B2D756161FD7A7600065405B /* UIImageView.swift in Sources */ = {isa = PBXBuildFile; fileRef = B2D755E81FD7A7600065405B /* UIImageView.swift */; };
		B2D756171FD7A7600065405B /* UIScreen.swift in Sources */ = {isa = PBXBuildFile; fileRef = B2D755E91FD7A7600065405B /* UIScreen.swift */; };
		B2D756181FD7A7600065405B /* UISlider.swift in Sources */ = {isa = PBXBuildFile; fileRef = B2D755EA1FD7A7600065405B /* UISlider.swift */; };
		B2D756191FD7A7600065405B /* UIView.swift in Sources */ = {isa = PBXBuildFile; fileRef = B2D755EB1FD7A7600065405B /* UIView.swift */; };
		B2D7561A1FD7A7600065405B /* UIViewController.swift in Sources */ = {isa = PBXBuildFile; fileRef = B2D755EC1FD7A7600065405B /* UIViewController.swift */; };
		B2D7561B1FD7A7600065405B /* GalleryConfiguration.swift in Sources */ = {isa = PBXBuildFile; fileRef = B2D755ED1FD7A7600065405B /* GalleryConfiguration.swift */; };
		B2D7561C1FD7A7600065405B /* GalleryDisplacedViewsDataSource.swift in Sources */ = {isa = PBXBuildFile; fileRef = B2D755EE1FD7A7600065405B /* GalleryDisplacedViewsDataSource.swift */; };
		B2D7561D1FD7A7600065405B /* GalleryItem.swift in Sources */ = {isa = PBXBuildFile; fileRef = B2D755EF1FD7A7600065405B /* GalleryItem.swift */; };
		B2D7561E1FD7A7600065405B /* GalleryItemsDataSource.swift in Sources */ = {isa = PBXBuildFile; fileRef = B2D755F01FD7A7600065405B /* GalleryItemsDataSource.swift */; };
		B2D7561F1FD7A7600065405B /* GalleryItemsDelegate.swift in Sources */ = {isa = PBXBuildFile; fileRef = B2D755F11FD7A7600065405B /* GalleryItemsDelegate.swift */; };
		B2D756201FD7A7600065405B /* GalleryPagingDataSource.swift in Sources */ = {isa = PBXBuildFile; fileRef = B2D755F21FD7A7600065405B /* GalleryPagingDataSource.swift */; };
		B2D756211FD7A7600065405B /* GallerySwipeToDismissTransition.swift in Sources */ = {isa = PBXBuildFile; fileRef = B2D755F31FD7A7600065405B /* GallerySwipeToDismissTransition.swift */; };
		B2D756221FD7A7600065405B /* GalleryViewController.swift in Sources */ = {isa = PBXBuildFile; fileRef = B2D755F41FD7A7600065405B /* GalleryViewController.swift */; };
		B2D756231FD7A7600065405B /* ImageFadeInHandler.swift in Sources */ = {isa = PBXBuildFile; fileRef = B2D755F51FD7A7600065405B /* ImageFadeInHandler.swift */; };
		B2D756241FD7A7600065405B /* ImageViewController.swift in Sources */ = {isa = PBXBuildFile; fileRef = B2D755F61FD7A7600065405B /* ImageViewController.swift */; };
		B2D756251FD7A7600065405B /* ItemBaseController.swift in Sources */ = {isa = PBXBuildFile; fileRef = B2D755F71FD7A7600065405B /* ItemBaseController.swift */; };
		B2D756261FD7A7600065405B /* ItemController.swift in Sources */ = {isa = PBXBuildFile; fileRef = B2D755F81FD7A7600065405B /* ItemController.swift */; };
		B2D756271FD7A7600065405B /* ItemControllerDelegate.swift in Sources */ = {isa = PBXBuildFile; fileRef = B2D755F91FD7A7600065405B /* ItemControllerDelegate.swift */; };
		B2D756281FD7A7600065405B /* LayoutEnums.swift in Sources */ = {isa = PBXBuildFile; fileRef = B2D755FA1FD7A7600065405B /* LayoutEnums.swift */; };
		B2D756291FD7A7600065405B /* Slider.swift in Sources */ = {isa = PBXBuildFile; fileRef = B2D755FB1FD7A7600065405B /* Slider.swift */; };
		B2D7562A1FD7A7600065405B /* ThumbnailCell.swift in Sources */ = {isa = PBXBuildFile; fileRef = B2D755FD1FD7A7600065405B /* ThumbnailCell.swift */; };
		B2D7562B1FD7A7600065405B /* ThumbnailsViewController.swift in Sources */ = {isa = PBXBuildFile; fileRef = B2D755FE1FD7A7600065405B /* ThumbnailsViewController.swift */; };
		B2D7562C1FD7A7600065405B /* UtilityFunctions.swift in Sources */ = {isa = PBXBuildFile; fileRef = B2D755FF1FD7A7600065405B /* UtilityFunctions.swift */; };
		B2D7562D1FD7A7600065405B /* VideoScrubber.swift in Sources */ = {isa = PBXBuildFile; fileRef = B2D756001FD7A7600065405B /* VideoScrubber.swift */; };
		B2D7562E1FD7A7600065405B /* VideoView.swift in Sources */ = {isa = PBXBuildFile; fileRef = B2D756011FD7A7600065405B /* VideoView.swift */; };
		B2D7562F1FD7A7600065405B /* VideoViewController.swift in Sources */ = {isa = PBXBuildFile; fileRef = B2D756021FD7A7600065405B /* VideoViewController.swift */; };
		B2DDD4C01DCC3C5400749A82 /* Entity.swift in Sources */ = {isa = PBXBuildFile; fileRef = B2DDD4BF1DCC3C5400749A82 /* Entity.swift */; };
		B2DDD4C31DCD705C00749A82 /* TagCache.swift in Sources */ = {isa = PBXBuildFile; fileRef = B2DDD4C21DCD705C00749A82 /* TagCache.swift */; };
		B2DDD4C51DCD7E9B00749A82 /* MutableCollectionExtensions.swift in Sources */ = {isa = PBXBuildFile; fileRef = B2DDD4C41DCD7E9B00749A82 /* MutableCollectionExtensions.swift */; };
		B2E5F9281FDB5DD500ACF28C /* AppCenter.framework in Frameworks */ = {isa = PBXBuildFile; fileRef = B2E5F9251FDB5DD400ACF28C /* AppCenter.framework */; };
		B2E5F9291FDB5DD500ACF28C /* AppCenterAnalytics.framework in Frameworks */ = {isa = PBXBuildFile; fileRef = B2E5F9261FDB5DD400ACF28C /* AppCenterAnalytics.framework */; };
		B2E5F92A1FDB5DD500ACF28C /* AppCenterCrashes.framework in Frameworks */ = {isa = PBXBuildFile; fileRef = B2E5F9271FDB5DD500ACF28C /* AppCenterCrashes.framework */; };
		B2EDC42C1FB4BFA0007D8B56 /* Geohash.swift in Sources */ = {isa = PBXBuildFile; fileRef = B2EDC42B1FB4BFA0007D8B56 /* Geohash.swift */; };
		B2EDC4421FB62249007D8B56 /* GeoHashRepository.swift in Sources */ = {isa = PBXBuildFile; fileRef = B2EDC4411FB62249007D8B56 /* GeoHashRepository.swift */; };
/* End PBXBuildFile section */

/* Begin PBXContainerItemProxy section */
		B27D66101DBC1C04001E579A /* PBXContainerItemProxy */ = {
			isa = PBXContainerItemProxy;
			containerPortal = B27D66061DBC1C04001E579A /* SQLite.xcodeproj */;
			proxyType = 2;
			remoteGlobalIDString = EE247AD31C3F04ED00AE3E12;
			remoteInfo = "SQLite iOS";
		};
		B27D66121DBC1C04001E579A /* PBXContainerItemProxy */ = {
			isa = PBXContainerItemProxy;
			containerPortal = B27D66061DBC1C04001E579A /* SQLite.xcodeproj */;
			proxyType = 2;
			remoteGlobalIDString = EE247ADD1C3F04ED00AE3E12;
			remoteInfo = "SQLiteTests iOS";
		};
		B27D66141DBC1C04001E579A /* PBXContainerItemProxy */ = {
			isa = PBXContainerItemProxy;
			containerPortal = B27D66061DBC1C04001E579A /* SQLite.xcodeproj */;
			proxyType = 2;
			remoteGlobalIDString = EE247B3C1C3F3ED000AE3E12;
			remoteInfo = "SQLite Mac";
		};
		B27D66161DBC1C04001E579A /* PBXContainerItemProxy */ = {
			isa = PBXContainerItemProxy;
			containerPortal = B27D66061DBC1C04001E579A /* SQLite.xcodeproj */;
			proxyType = 2;
			remoteGlobalIDString = EE247B451C3F3ED000AE3E12;
			remoteInfo = "SQLiteTests Mac";
		};
		B27D66181DBC1C04001E579A /* PBXContainerItemProxy */ = {
			isa = PBXContainerItemProxy;
			containerPortal = B27D66061DBC1C04001E579A /* SQLite.xcodeproj */;
			proxyType = 2;
			remoteGlobalIDString = 03A65E5A1C6BB0F50062603F;
			remoteInfo = "SQLite tvOS";
		};
		B27D661A1DBC1C04001E579A /* PBXContainerItemProxy */ = {
			isa = PBXContainerItemProxy;
			containerPortal = B27D66061DBC1C04001E579A /* SQLite.xcodeproj */;
			proxyType = 2;
			remoteGlobalIDString = 03A65E631C6BB0F60062603F;
			remoteInfo = "SQLiteTests tvOS";
		};
		B27D661C1DBC1C04001E579A /* PBXContainerItemProxy */ = {
			isa = PBXContainerItemProxy;
			containerPortal = B27D66061DBC1C04001E579A /* SQLite.xcodeproj */;
			proxyType = 2;
			remoteGlobalIDString = A121AC451CA35C79005A31D1;
			remoteInfo = "SQLite watchOS";
		};
		B27D66201DBC1C39001E579A /* PBXContainerItemProxy */ = {
			isa = PBXContainerItemProxy;
			containerPortal = B27D66061DBC1C04001E579A /* SQLite.xcodeproj */;
			proxyType = 1;
			remoteGlobalIDString = EE247AD21C3F04ED00AE3E12;
			remoteInfo = "SQLite iOS";
		};
		B27D664B1DBD1BE2001E579A /* PBXContainerItemProxy */ = {
			isa = PBXContainerItemProxy;
			containerPortal = B27D66461DBD1BE2001E579A /* SideMenuController.xcodeproj */;
			proxyType = 2;
			remoteGlobalIDString = 13A757E61D12A2A0004488DA;
			remoteInfo = SideMenuController;
		};
		B27D664D1DBD1BE2001E579A /* PBXContainerItemProxy */ = {
			isa = PBXContainerItemProxy;
			containerPortal = B27D66461DBD1BE2001E579A /* SideMenuController.xcodeproj */;
			proxyType = 2;
			remoteGlobalIDString = 13A757F01D12A2A0004488DA;
			remoteInfo = SideMenuControllerTests;
		};
		B27D66511DBD1C6C001E579A /* PBXContainerItemProxy */ = {
			isa = PBXContainerItemProxy;
			containerPortal = B27D66461DBD1BE2001E579A /* SideMenuController.xcodeproj */;
			proxyType = 1;
			remoteGlobalIDString = 13A757E51D12A2A0004488DA;
			remoteInfo = SideMenuController;
		};
/* End PBXContainerItemProxy section */

/* Begin PBXCopyFilesBuildPhase section */
		B27D66221DBC1C39001E579A /* Embed Frameworks */ = {
			isa = PBXCopyFilesBuildPhase;
			buildActionMask = 2147483647;
			dstPath = "";
			dstSubfolderSpec = 10;
			files = (
				B27D66501DBD1C6C001E579A /* SideMenuController.framework in Embed Frameworks */,
				B27D661F1DBC1C39001E579A /* SQLite.framework in Embed Frameworks */,
			);
			name = "Embed Frameworks";
			runOnlyForDeploymentPostprocessing = 0;
		};
/* End PBXCopyFilesBuildPhase section */

/* Begin PBXFileReference section */
		B2086FD51DC5A29900A18E71 /* TagEntity.swift */ = {isa = PBXFileReference; fileEncoding = 4; lastKnownFileType = sourcecode.swift; path = TagEntity.swift; sourceTree = "<group>"; };
		B2086FD71DC5AE0F00A18E71 /* ImageEntity.swift */ = {isa = PBXFileReference; fileEncoding = 4; lastKnownFileType = sourcecode.swift; path = ImageEntity.swift; sourceTree = "<group>"; };
		B218000C1FC28C0200EE7924 /* AssetTaskProcessor.swift */ = {isa = PBXFileReference; lastKnownFileType = sourcecode.swift; path = AssetTaskProcessor.swift; sourceTree = "<group>"; };
		B21E09251F5CA178002C2B41 /* TagImageEntity.swift */ = {isa = PBXFileReference; fileEncoding = 4; lastKnownFileType = sourcecode.swift; path = TagImageEntity.swift; sourceTree = "<group>"; };
		B23095171F4E6219002166A9 /* ImagePreviewCell.swift */ = {isa = PBXFileReference; fileEncoding = 4; lastKnownFileType = sourcecode.swift; path = ImagePreviewCell.swift; sourceTree = "<group>"; };
		B23280FC1FBB7331007B7B36 /* GeoHashEntity.swift */ = {isa = PBXFileReference; lastKnownFileType = sourcecode.swift; path = GeoHashEntity.swift; sourceTree = "<group>"; };
		B24D23A31FDDF55F0096C8A9 /* TagsViewController.swift */ = {isa = PBXFileReference; lastKnownFileType = sourcecode.swift; path = TagsViewController.swift; sourceTree = "<group>"; };
		B2558A7F1FC08FEC00293DE3 /* AssetTaskEntity.swift */ = {isa = PBXFileReference; lastKnownFileType = sourcecode.swift; path = AssetTaskEntity.swift; sourceTree = "<group>"; };
		B2558A881FC1159D00293DE3 /* AssetTaskRepository.swift */ = {isa = PBXFileReference; lastKnownFileType = sourcecode.swift; path = AssetTaskRepository.swift; sourceTree = "<group>"; };
		B25E4F841F8A816F00AE34C0 /* Settings.swift */ = {isa = PBXFileReference; lastKnownFileType = sourcecode.swift; path = Settings.swift; sourceTree = "<group>"; };
		B26714501FD30FCB00AE0A16 /* AppTitle.swift */ = {isa = PBXFileReference; lastKnownFileType = sourcecode.swift; path = AppTitle.swift; sourceTree = "<group>"; };
		B26CEE8E1FCB4736008DE0E2 /* iTunesArtwork@2x.png */ = {isa = PBXFileReference; lastKnownFileType = image.png; path = "iTunesArtwork@2x.png"; sourceTree = "<group>"; };
		B277463B1FC742EE003C6D28 /* AppStatus.swift */ = {isa = PBXFileReference; lastKnownFileType = sourcecode.swift; path = AppStatus.swift; sourceTree = "<group>"; };
		B27D65D91DBC17D3001E579A /* ImagePocket.app */ = {isa = PBXFileReference; explicitFileType = wrapper.application; includeInIndex = 0; path = ImagePocket.app; sourceTree = BUILT_PRODUCTS_DIR; };
		B27D65DC1DBC17D3001E579A /* AppDelegate.swift */ = {isa = PBXFileReference; lastKnownFileType = sourcecode.swift; path = AppDelegate.swift; sourceTree = "<group>"; };
		B27D65E11DBC17D3001E579A /* Base */ = {isa = PBXFileReference; lastKnownFileType = file.storyboard; name = Base; path = Base.lproj/Main.storyboard; sourceTree = "<group>"; };
		B27D65E31DBC17D3001E579A /* Assets.xcassets */ = {isa = PBXFileReference; lastKnownFileType = folder.assetcatalog; path = Assets.xcassets; sourceTree = "<group>"; };
		B27D65E61DBC17D3001E579A /* Base */ = {isa = PBXFileReference; lastKnownFileType = file.storyboard; name = Base; path = Base.lproj/LaunchScreen.storyboard; sourceTree = "<group>"; };
		B27D65E81DBC17D3001E579A /* Info.plist */ = {isa = PBXFileReference; lastKnownFileType = text.plist.xml; path = Info.plist; sourceTree = "<group>"; };
		B27D66061DBC1C04001E579A /* SQLite.xcodeproj */ = {isa = PBXFileReference; lastKnownFileType = "wrapper.pb-project"; name = SQLite.xcodeproj; path = SQLite.swift/SQLite.xcodeproj; sourceTree = "<group>"; };
		B27D66241DBC1D10001E579A /* StringExtensions.swift */ = {isa = PBXFileReference; fileEncoding = 4; lastKnownFileType = sourcecode.swift; path = StringExtensions.swift; sourceTree = "<group>"; };
		B27D66261DBC1E7E001E579A /* SequenceTypeExtensions.swift */ = {isa = PBXFileReference; fileEncoding = 4; lastKnownFileType = sourcecode.swift; path = SequenceTypeExtensions.swift; sourceTree = "<group>"; };
		B27D66291DBC2732001E579A /* DataStore.swift */ = {isa = PBXFileReference; fileEncoding = 4; lastKnownFileType = sourcecode.swift; path = DataStore.swift; sourceTree = "<group>"; };
		B27D662B1DBC2CFA001E579A /* DataAccessError.swift */ = {isa = PBXFileReference; fileEncoding = 4; lastKnownFileType = sourcecode.swift; path = DataAccessError.swift; sourceTree = "<group>"; };
		B27D662D1DBC2DB0001E579A /* TagRepository.swift */ = {isa = PBXFileReference; fileEncoding = 4; lastKnownFileType = sourcecode.swift; path = TagRepository.swift; sourceTree = "<group>"; };
		B27D662F1DBC3339001E579A /* ImageRepository.swift */ = {isa = PBXFileReference; fileEncoding = 4; lastKnownFileType = sourcecode.swift; path = ImageRepository.swift; sourceTree = "<group>"; };
		B27D66461DBD1BE2001E579A /* SideMenuController.xcodeproj */ = {isa = PBXFileReference; lastKnownFileType = "wrapper.pb-project"; name = SideMenuController.xcodeproj; path = SideMenuController/SideMenuController.xcodeproj; sourceTree = "<group>"; };
		B27D66541DBD9E4C001E579A /* CustomSideMenuController.swift */ = {isa = PBXFileReference; fileEncoding = 4; lastKnownFileType = sourcecode.swift; path = CustomSideMenuController.swift; sourceTree = "<group>"; };
		B27D66561DBDAAB0001E579A /* ContentViewController.swift */ = {isa = PBXFileReference; fileEncoding = 4; lastKnownFileType = sourcecode.swift; path = ContentViewController.swift; sourceTree = "<group>"; };
		B27D66581DBDAC69001E579A /* MenuController.swift */ = {isa = PBXFileReference; fileEncoding = 4; lastKnownFileType = sourcecode.swift; path = MenuController.swift; sourceTree = "<group>"; };
		B29007421F816CCA00270793 /* SearchCache.swift */ = {isa = PBXFileReference; lastKnownFileType = sourcecode.swift; path = SearchCache.swift; sourceTree = "<group>"; };
		B291812E1F531AB600DBBC86 /* TagSelectorViewController.swift */ = {isa = PBXFileReference; fileEncoding = 4; lastKnownFileType = sourcecode.swift; path = TagSelectorViewController.swift; sourceTree = "<group>"; };
		B29181401F5340B100DBBC86 /* NWSToken.swift */ = {isa = PBXFileReference; fileEncoding = 4; lastKnownFileType = sourcecode.swift; path = NWSToken.swift; sourceTree = "<group>"; };
		B29181411F5340B100DBBC86 /* NWSTokenView.swift */ = {isa = PBXFileReference; fileEncoding = 4; lastKnownFileType = sourcecode.swift; path = NWSTokenView.swift; sourceTree = "<group>"; };
		B291815D1F538EB600DBBC86 /* NWSImageToken.swift */ = {isa = PBXFileReference; fileEncoding = 4; lastKnownFileType = sourcecode.swift; path = NWSImageToken.swift; sourceTree = "<group>"; };
		B291815E1F538EB600DBBC86 /* NWSImageToken.xib */ = {isa = PBXFileReference; fileEncoding = 4; lastKnownFileType = file.xib; path = NWSImageToken.xib; sourceTree = "<group>"; };
		B29BEC701F4A862500696D47 /* ImageCache.swift */ = {isa = PBXFileReference; fileEncoding = 4; lastKnownFileType = sourcecode.swift; path = ImageCache.swift; sourceTree = "<group>"; };
		B2A295961F5E570100289F8A /* ImagePageViewController.swift */ = {isa = PBXFileReference; fileEncoding = 4; lastKnownFileType = sourcecode.swift; path = ImagePageViewController.swift; sourceTree = "<group>"; };
		B2A2959F1F5E5EDB00289F8A /* PageContentViewController.swift */ = {isa = PBXFileReference; fileEncoding = 4; lastKnownFileType = sourcecode.swift; path = PageContentViewController.swift; sourceTree = "<group>"; };
		B2AE26481F81243600CD0E6F /* SearchRepository.swift */ = {isa = PBXFileReference; lastKnownFileType = sourcecode.swift; path = SearchRepository.swift; sourceTree = "<group>"; };
		B2AE26511F812D7F00CD0E6F /* SearchEntity.swift */ = {isa = PBXFileReference; lastKnownFileType = sourcecode.swift; path = SearchEntity.swift; sourceTree = "<group>"; };
		B2AE26531F812D9400CD0E6F /* SearchResultEntity.swift */ = {isa = PBXFileReference; lastKnownFileType = sourcecode.swift; path = SearchResultEntity.swift; sourceTree = "<group>"; };
		B2B7F5D81F60E29F00D5E81A /* NotifiableOnTapProtocol.swift */ = {isa = PBXFileReference; fileEncoding = 4; lastKnownFileType = sourcecode.swift; path = NotifiableOnTapProtocol.swift; sourceTree = "<group>"; };
		B2B951381FD32C9100144038 /* MainViewController.swift */ = {isa = PBXFileReference; lastKnownFileType = sourcecode.swift; path = MainViewController.swift; sourceTree = "<group>"; };
		B2BA67F61FC7A7B400C2C838 /* AsssetRepository.swift */ = {isa = PBXFileReference; lastKnownFileType = sourcecode.swift; path = AsssetRepository.swift; sourceTree = "<group>"; };
		B2BD76A81FA6BE9800024DF9 /* Locking.swift */ = {isa = PBXFileReference; lastKnownFileType = sourcecode.swift; path = Locking.swift; sourceTree = "<group>"; };
		B2D21EB61FCF8FFF00CB1556 /* ImageLoaders.swift */ = {isa = PBXFileReference; lastKnownFileType = sourcecode.swift; path = ImageLoaders.swift; sourceTree = "<group>"; };
		B2D661F41F5D9B8300AA16AB /* ContentViewProtocol.swift */ = {isa = PBXFileReference; fileEncoding = 4; lastKnownFileType = sourcecode.swift; path = ContentViewProtocol.swift; sourceTree = "<group>"; };
		B2D661FD1F5DC43C00AA16AB /* NotifiableOnCloseProtocol.swift */ = {isa = PBXFileReference; fileEncoding = 4; lastKnownFileType = sourcecode.swift; path = NotifiableOnCloseProtocol.swift; sourceTree = "<group>"; };
		B2D755DB1FD7A7600065405B /* BlurView.swift */ = {isa = PBXFileReference; fileEncoding = 4; lastKnownFileType = sourcecode.swift; path = BlurView.swift; sourceTree = "<group>"; };
		B2D755DD1FD7A7600065405B /* AVPlayer.swift */ = {isa = PBXFileReference; fileEncoding = 4; lastKnownFileType = sourcecode.swift; path = AVPlayer.swift; sourceTree = "<group>"; };
		B2D755DE1FD7A7600065405B /* Bool.swift */ = {isa = PBXFileReference; fileEncoding = 4; lastKnownFileType = sourcecode.swift; path = Bool.swift; sourceTree = "<group>"; };
		B2D755DF1FD7A7600065405B /* CALayer.swift */ = {isa = PBXFileReference; fileEncoding = 4; lastKnownFileType = sourcecode.swift; path = CALayer.swift; sourceTree = "<group>"; };
		B2D755E01FD7A7600065405B /* CAShapeLayer.swift */ = {isa = PBXFileReference; fileEncoding = 4; lastKnownFileType = sourcecode.swift; path = CAShapeLayer.swift; sourceTree = "<group>"; };
		B2D755E11FD7A7600065405B /* CGPoint.swift */ = {isa = PBXFileReference; fileEncoding = 4; lastKnownFileType = sourcecode.swift; path = CGPoint.swift; sourceTree = "<group>"; };
		B2D755E21FD7A7600065405B /* CGRect.swift */ = {isa = PBXFileReference; fileEncoding = 4; lastKnownFileType = sourcecode.swift; path = CGRect.swift; sourceTree = "<group>"; };
		B2D755E31FD7A7600065405B /* CGSize.swift */ = {isa = PBXFileReference; fileEncoding = 4; lastKnownFileType = sourcecode.swift; path = CGSize.swift; sourceTree = "<group>"; };
		B2D755E41FD7A7600065405B /* UIApplication.swift */ = {isa = PBXFileReference; fileEncoding = 4; lastKnownFileType = sourcecode.swift; path = UIApplication.swift; sourceTree = "<group>"; };
		B2D755E51FD7A7600065405B /* UIBezierPath.swift */ = {isa = PBXFileReference; fileEncoding = 4; lastKnownFileType = sourcecode.swift; path = UIBezierPath.swift; sourceTree = "<group>"; };
		B2D755E61FD7A7600065405B /* UIButton.swift */ = {isa = PBXFileReference; fileEncoding = 4; lastKnownFileType = sourcecode.swift; path = UIButton.swift; sourceTree = "<group>"; };
		B2D755E71FD7A7600065405B /* UIColor.swift */ = {isa = PBXFileReference; fileEncoding = 4; lastKnownFileType = sourcecode.swift; path = UIColor.swift; sourceTree = "<group>"; };
		B2D755E81FD7A7600065405B /* UIImageView.swift */ = {isa = PBXFileReference; fileEncoding = 4; lastKnownFileType = sourcecode.swift; path = UIImageView.swift; sourceTree = "<group>"; };
		B2D755E91FD7A7600065405B /* UIScreen.swift */ = {isa = PBXFileReference; fileEncoding = 4; lastKnownFileType = sourcecode.swift; path = UIScreen.swift; sourceTree = "<group>"; };
		B2D755EA1FD7A7600065405B /* UISlider.swift */ = {isa = PBXFileReference; fileEncoding = 4; lastKnownFileType = sourcecode.swift; path = UISlider.swift; sourceTree = "<group>"; };
		B2D755EB1FD7A7600065405B /* UIView.swift */ = {isa = PBXFileReference; fileEncoding = 4; lastKnownFileType = sourcecode.swift; path = UIView.swift; sourceTree = "<group>"; };
		B2D755EC1FD7A7600065405B /* UIViewController.swift */ = {isa = PBXFileReference; fileEncoding = 4; lastKnownFileType = sourcecode.swift; path = UIViewController.swift; sourceTree = "<group>"; };
		B2D755ED1FD7A7600065405B /* GalleryConfiguration.swift */ = {isa = PBXFileReference; fileEncoding = 4; lastKnownFileType = sourcecode.swift; path = GalleryConfiguration.swift; sourceTree = "<group>"; };
		B2D755EE1FD7A7600065405B /* GalleryDisplacedViewsDataSource.swift */ = {isa = PBXFileReference; fileEncoding = 4; lastKnownFileType = sourcecode.swift; path = GalleryDisplacedViewsDataSource.swift; sourceTree = "<group>"; };
		B2D755EF1FD7A7600065405B /* GalleryItem.swift */ = {isa = PBXFileReference; fileEncoding = 4; lastKnownFileType = sourcecode.swift; path = GalleryItem.swift; sourceTree = "<group>"; };
		B2D755F01FD7A7600065405B /* GalleryItemsDataSource.swift */ = {isa = PBXFileReference; fileEncoding = 4; lastKnownFileType = sourcecode.swift; path = GalleryItemsDataSource.swift; sourceTree = "<group>"; };
		B2D755F11FD7A7600065405B /* GalleryItemsDelegate.swift */ = {isa = PBXFileReference; fileEncoding = 4; lastKnownFileType = sourcecode.swift; path = GalleryItemsDelegate.swift; sourceTree = "<group>"; };
		B2D755F21FD7A7600065405B /* GalleryPagingDataSource.swift */ = {isa = PBXFileReference; fileEncoding = 4; lastKnownFileType = sourcecode.swift; path = GalleryPagingDataSource.swift; sourceTree = "<group>"; };
		B2D755F31FD7A7600065405B /* GallerySwipeToDismissTransition.swift */ = {isa = PBXFileReference; fileEncoding = 4; lastKnownFileType = sourcecode.swift; path = GallerySwipeToDismissTransition.swift; sourceTree = "<group>"; };
		B2D755F41FD7A7600065405B /* GalleryViewController.swift */ = {isa = PBXFileReference; fileEncoding = 4; lastKnownFileType = sourcecode.swift; path = GalleryViewController.swift; sourceTree = "<group>"; };
		B2D755F51FD7A7600065405B /* ImageFadeInHandler.swift */ = {isa = PBXFileReference; fileEncoding = 4; lastKnownFileType = sourcecode.swift; path = ImageFadeInHandler.swift; sourceTree = "<group>"; };
		B2D755F61FD7A7600065405B /* ImageViewController.swift */ = {isa = PBXFileReference; fileEncoding = 4; lastKnownFileType = sourcecode.swift; path = ImageViewController.swift; sourceTree = "<group>"; };
		B2D755F71FD7A7600065405B /* ItemBaseController.swift */ = {isa = PBXFileReference; fileEncoding = 4; lastKnownFileType = sourcecode.swift; path = ItemBaseController.swift; sourceTree = "<group>"; };
		B2D755F81FD7A7600065405B /* ItemController.swift */ = {isa = PBXFileReference; fileEncoding = 4; lastKnownFileType = sourcecode.swift; path = ItemController.swift; sourceTree = "<group>"; };
		B2D755F91FD7A7600065405B /* ItemControllerDelegate.swift */ = {isa = PBXFileReference; fileEncoding = 4; lastKnownFileType = sourcecode.swift; path = ItemControllerDelegate.swift; sourceTree = "<group>"; };
		B2D755FA1FD7A7600065405B /* LayoutEnums.swift */ = {isa = PBXFileReference; fileEncoding = 4; lastKnownFileType = sourcecode.swift; path = LayoutEnums.swift; sourceTree = "<group>"; };
		B2D755FB1FD7A7600065405B /* Slider.swift */ = {isa = PBXFileReference; fileEncoding = 4; lastKnownFileType = sourcecode.swift; path = Slider.swift; sourceTree = "<group>"; };
		B2D755FD1FD7A7600065405B /* ThumbnailCell.swift */ = {isa = PBXFileReference; fileEncoding = 4; lastKnownFileType = sourcecode.swift; path = ThumbnailCell.swift; sourceTree = "<group>"; };
		B2D755FE1FD7A7600065405B /* ThumbnailsViewController.swift */ = {isa = PBXFileReference; fileEncoding = 4; lastKnownFileType = sourcecode.swift; path = ThumbnailsViewController.swift; sourceTree = "<group>"; };
		B2D755FF1FD7A7600065405B /* UtilityFunctions.swift */ = {isa = PBXFileReference; fileEncoding = 4; lastKnownFileType = sourcecode.swift; path = UtilityFunctions.swift; sourceTree = "<group>"; };
		B2D756001FD7A7600065405B /* VideoScrubber.swift */ = {isa = PBXFileReference; fileEncoding = 4; lastKnownFileType = sourcecode.swift; path = VideoScrubber.swift; sourceTree = "<group>"; };
		B2D756011FD7A7600065405B /* VideoView.swift */ = {isa = PBXFileReference; fileEncoding = 4; lastKnownFileType = sourcecode.swift; path = VideoView.swift; sourceTree = "<group>"; };
		B2D756021FD7A7600065405B /* VideoViewController.swift */ = {isa = PBXFileReference; fileEncoding = 4; lastKnownFileType = sourcecode.swift; path = VideoViewController.swift; sourceTree = "<group>"; };
		B2DDD4BF1DCC3C5400749A82 /* Entity.swift */ = {isa = PBXFileReference; fileEncoding = 4; lastKnownFileType = sourcecode.swift; path = Entity.swift; sourceTree = "<group>"; };
		B2DDD4C21DCD705C00749A82 /* TagCache.swift */ = {isa = PBXFileReference; fileEncoding = 4; lastKnownFileType = sourcecode.swift; path = TagCache.swift; sourceTree = "<group>"; };
		B2DDD4C41DCD7E9B00749A82 /* MutableCollectionExtensions.swift */ = {isa = PBXFileReference; fileEncoding = 4; lastKnownFileType = sourcecode.swift; path = MutableCollectionExtensions.swift; sourceTree = "<group>"; };
		B2E5F9251FDB5DD400ACF28C /* AppCenter.framework */ = {isa = PBXFileReference; lastKnownFileType = wrapper.framework; path = AppCenter.framework; sourceTree = "<group>"; };
		B2E5F9261FDB5DD400ACF28C /* AppCenterAnalytics.framework */ = {isa = PBXFileReference; lastKnownFileType = wrapper.framework; path = AppCenterAnalytics.framework; sourceTree = "<group>"; };
		B2E5F9271FDB5DD500ACF28C /* AppCenterCrashes.framework */ = {isa = PBXFileReference; lastKnownFileType = wrapper.framework; path = AppCenterCrashes.framework; sourceTree = "<group>"; };
		B2EDC42B1FB4BFA0007D8B56 /* Geohash.swift */ = {isa = PBXFileReference; lastKnownFileType = sourcecode.swift; path = Geohash.swift; sourceTree = "<group>"; };
		B2EDC4411FB62249007D8B56 /* GeoHashRepository.swift */ = {isa = PBXFileReference; lastKnownFileType = sourcecode.swift; path = GeoHashRepository.swift; sourceTree = "<group>"; };
/* End PBXFileReference section */

/* Begin PBXFrameworksBuildPhase section */
		B27D65D61DBC17D3001E579A /* Frameworks */ = {
			isa = PBXFrameworksBuildPhase;
			buildActionMask = 2147483647;
			files = (
				B27D664F1DBD1C6C001E579A /* SideMenuController.framework in Frameworks */,
				B2E5F9281FDB5DD500ACF28C /* AppCenter.framework in Frameworks */,
				B2E5F9291FDB5DD500ACF28C /* AppCenterAnalytics.framework in Frameworks */,
				B27D661E1DBC1C39001E579A /* SQLite.framework in Frameworks */,
				B2E5F92A1FDB5DD500ACF28C /* AppCenterCrashes.framework in Frameworks */,
			);
			runOnlyForDeploymentPostprocessing = 0;
		};
/* End PBXFrameworksBuildPhase section */

/* Begin PBXGroup section */
		B2086FCD1DC5A26B00A18E71 /* Entities */ = {
			isa = PBXGroup;
			children = (
				B2086FD51DC5A29900A18E71 /* TagEntity.swift */,
				B2086FD71DC5AE0F00A18E71 /* ImageEntity.swift */,
				B2DDD4BF1DCC3C5400749A82 /* Entity.swift */,
				B21E09251F5CA178002C2B41 /* TagImageEntity.swift */,
				B2AE26511F812D7F00CD0E6F /* SearchEntity.swift */,
				B2AE26531F812D9400CD0E6F /* SearchResultEntity.swift */,
				B23280FC1FBB7331007B7B36 /* GeoHashEntity.swift */,
				B2558A7F1FC08FEC00293DE3 /* AssetTaskEntity.swift */,
			);
			name = Entities;
			sourceTree = "<group>";
		};
		B21800041FC28B9D00EE7924 /* Processros */ = {
			isa = PBXGroup;
			children = (
				B218000C1FC28C0200EE7924 /* AssetTaskProcessor.swift */,
				B2D21EB61FCF8FFF00CB1556 /* ImageLoaders.swift */,
			);
			name = Processros;
			path = ImagePocket;
			sourceTree = "<group>";
		};
		B26714421FD301AD00AE0A16 /* Cells */ = {
			isa = PBXGroup;
			children = (
				B23095171F4E6219002166A9 /* ImagePreviewCell.swift */,
			);
			name = Cells;
			sourceTree = "<group>";
		};
		B267144A1FD301BF00AE0A16 /* Protocols */ = {
			isa = PBXGroup;
			children = (
				B2D661F41F5D9B8300AA16AB /* ContentViewProtocol.swift */,
				B2D661FD1F5DC43C00AA16AB /* NotifiableOnCloseProtocol.swift */,
				B2B7F5D81F60E29F00D5E81A /* NotifiableOnTapProtocol.swift */,
			);
			name = Protocols;
			sourceTree = "<group>";
		};
		B27D65D01DBC17D3001E579A = {
			isa = PBXGroup;
			children = (
				B2E5F9251FDB5DD400ACF28C /* AppCenter.framework */,
				B2E5F9261FDB5DD400ACF28C /* AppCenterAnalytics.framework */,
				B2E5F9271FDB5DD500ACF28C /* AppCenterCrashes.framework */,
				B27D65DB1DBC17D3001E579A /* ImagePocket */,
				B27D65DA1DBC17D3001E579A /* Products */,
				B27D66461DBD1BE2001E579A /* SideMenuController.xcodeproj */,
				B27D66061DBC1C04001E579A /* SQLite.xcodeproj */,
			);
			sourceTree = "<group>";
		};
		B27D65DA1DBC17D3001E579A /* Products */ = {
			isa = PBXGroup;
			children = (
				B27D65D91DBC17D3001E579A /* ImagePocket.app */,
			);
			name = Products;
			sourceTree = "<group>";
		};
		B27D65DB1DBC17D3001E579A /* ImagePocket */ = {
			isa = PBXGroup;
			children = (
				B2D755DA1FD7A7600065405B /* ImageViewer */,
				B26CEE8E1FCB4736008DE0E2 /* iTunesArtwork@2x.png */,
				B21800041FC28B9D00EE7924 /* Processros */,
				B291813E1F5340B100DBBC86 /* NWSTokenViews */,
				B2DDD4C11DCD704400749A82 /* Caches */,
				B2086FCD1DC5A26B00A18E71 /* Entities */,
				B27D66531DBD9E13001E579A /* ViewControllers */,
				B27D66281DBC26F3001E579A /* Repositories */,
				B27D66231DBC1CE6001E579A /* Core */,
				B27D65DC1DBC17D3001E579A /* AppDelegate.swift */,
				B27D65E01DBC17D3001E579A /* Main.storyboard */,
				B27D65E31DBC17D3001E579A /* Assets.xcassets */,
				B27D65E51DBC17D3001E579A /* LaunchScreen.storyboard */,
				B27D65E81DBC17D3001E579A /* Info.plist */,
			);
			path = ImagePocket;
			sourceTree = "<group>";
		};
		B27D66071DBC1C04001E579A /* Products */ = {
			isa = PBXGroup;
			children = (
				B27D66111DBC1C04001E579A /* SQLite.framework */,
				B27D66131DBC1C04001E579A /* SQLiteTests iOS.xctest */,
				B27D66151DBC1C04001E579A /* SQLite.framework */,
				B27D66171DBC1C04001E579A /* SQLiteTests Mac.xctest */,
				B27D66191DBC1C04001E579A /* SQLite.framework */,
				B27D661B1DBC1C04001E579A /* SQLiteTests tvOS.xctest */,
				B27D661D1DBC1C04001E579A /* SQLite.framework */,
			);
			name = Products;
			sourceTree = "<group>";
		};
		B27D66231DBC1CE6001E579A /* Core */ = {
			isa = PBXGroup;
			children = (
				B27D66241DBC1D10001E579A /* StringExtensions.swift */,
				B27D66261DBC1E7E001E579A /* SequenceTypeExtensions.swift */,
				B2DDD4C41DCD7E9B00749A82 /* MutableCollectionExtensions.swift */,
				B25E4F841F8A816F00AE34C0 /* Settings.swift */,
				B2BD76A81FA6BE9800024DF9 /* Locking.swift */,
				B2EDC42B1FB4BFA0007D8B56 /* Geohash.swift */,
				B277463B1FC742EE003C6D28 /* AppStatus.swift */,
			);
			name = Core;
			sourceTree = "<group>";
		};
		B27D66281DBC26F3001E579A /* Repositories */ = {
			isa = PBXGroup;
			children = (
				B27D66291DBC2732001E579A /* DataStore.swift */,
				B27D662B1DBC2CFA001E579A /* DataAccessError.swift */,
				B27D662D1DBC2DB0001E579A /* TagRepository.swift */,
				B27D662F1DBC3339001E579A /* ImageRepository.swift */,
				B2AE26481F81243600CD0E6F /* SearchRepository.swift */,
				B2EDC4411FB62249007D8B56 /* GeoHashRepository.swift */,
				B2558A881FC1159D00293DE3 /* AssetTaskRepository.swift */,
				B2BA67F61FC7A7B400C2C838 /* AsssetRepository.swift */,
			);
			name = Repositories;
			sourceTree = "<group>";
		};
		B27D66471DBD1BE2001E579A /* Products */ = {
			isa = PBXGroup;
			children = (
				B27D664C1DBD1BE2001E579A /* SideMenuController.framework */,
				B27D664E1DBD1BE2001E579A /* SideMenuControllerTests.xctest */,
			);
			name = Products;
			sourceTree = "<group>";
		};
		B27D66531DBD9E13001E579A /* ViewControllers */ = {
			isa = PBXGroup;
			children = (
				B267144A1FD301BF00AE0A16 /* Protocols */,
				B26714421FD301AD00AE0A16 /* Cells */,
				B27D66541DBD9E4C001E579A /* CustomSideMenuController.swift */,
				B27D66561DBDAAB0001E579A /* ContentViewController.swift */,
				B27D66581DBDAC69001E579A /* MenuController.swift */,
				B291812E1F531AB600DBBC86 /* TagSelectorViewController.swift */,
				B2A295961F5E570100289F8A /* ImagePageViewController.swift */,
				B2A2959F1F5E5EDB00289F8A /* PageContentViewController.swift */,
				B26714501FD30FCB00AE0A16 /* AppTitle.swift */,
				B2B951381FD32C9100144038 /* MainViewController.swift */,
				B24D23A31FDDF55F0096C8A9 /* TagsViewController.swift */,
			);
			name = ViewControllers;
			sourceTree = "<group>";
		};
		B291813E1F5340B100DBBC86 /* NWSTokenViews */ = {
			isa = PBXGroup;
			children = (
				B291815C1F538EB600DBBC86 /* NWSImageToken */,
				B291813F1F5340B100DBBC86 /* NWSToken */,
				B29181411F5340B100DBBC86 /* NWSTokenView.swift */,
			);
			path = NWSTokenViews;
			sourceTree = SOURCE_ROOT;
		};
		B291813F1F5340B100DBBC86 /* NWSToken */ = {
			isa = PBXGroup;
			children = (
				B29181401F5340B100DBBC86 /* NWSToken.swift */,
			);
			path = NWSToken;
			sourceTree = "<group>";
		};
		B291815C1F538EB600DBBC86 /* NWSImageToken */ = {
			isa = PBXGroup;
			children = (
				B291815D1F538EB600DBBC86 /* NWSImageToken.swift */,
				B291815E1F538EB600DBBC86 /* NWSImageToken.xib */,
			);
			path = NWSImageToken;
			sourceTree = "<group>";
		};
		B2D755DA1FD7A7600065405B /* ImageViewer */ = {
			isa = PBXGroup;
			children = (
				B2D755DB1FD7A7600065405B /* BlurView.swift */,
				B2D755DC1FD7A7600065405B /* Extensions */,
				B2D755ED1FD7A7600065405B /* GalleryConfiguration.swift */,
				B2D755EE1FD7A7600065405B /* GalleryDisplacedViewsDataSource.swift */,
				B2D755EF1FD7A7600065405B /* GalleryItem.swift */,
				B2D755F01FD7A7600065405B /* GalleryItemsDataSource.swift */,
				B2D755F11FD7A7600065405B /* GalleryItemsDelegate.swift */,
				B2D755F21FD7A7600065405B /* GalleryPagingDataSource.swift */,
				B2D755F31FD7A7600065405B /* GallerySwipeToDismissTransition.swift */,
				B2D755F41FD7A7600065405B /* GalleryViewController.swift */,
				B2D755F51FD7A7600065405B /* ImageFadeInHandler.swift */,
				B2D755F61FD7A7600065405B /* ImageViewController.swift */,
				B2D755F71FD7A7600065405B /* ItemBaseController.swift */,
				B2D755F81FD7A7600065405B /* ItemController.swift */,
				B2D755F91FD7A7600065405B /* ItemControllerDelegate.swift */,
				B2D755FA1FD7A7600065405B /* LayoutEnums.swift */,
				B2D755FB1FD7A7600065405B /* Slider.swift */,
				B2D755FC1FD7A7600065405B /* Thumbnails Controller */,
				B2D755FF1FD7A7600065405B /* UtilityFunctions.swift */,
				B2D756001FD7A7600065405B /* VideoScrubber.swift */,
				B2D756011FD7A7600065405B /* VideoView.swift */,
				B2D756021FD7A7600065405B /* VideoViewController.swift */,
			);
			path = ImageViewer;
			sourceTree = "<group>";
		};
		B2D755DC1FD7A7600065405B /* Extensions */ = {
			isa = PBXGroup;
			children = (
				B2D755DD1FD7A7600065405B /* AVPlayer.swift */,
				B2D755DE1FD7A7600065405B /* Bool.swift */,
				B2D755DF1FD7A7600065405B /* CALayer.swift */,
				B2D755E01FD7A7600065405B /* CAShapeLayer.swift */,
				B2D755E11FD7A7600065405B /* CGPoint.swift */,
				B2D755E21FD7A7600065405B /* CGRect.swift */,
				B2D755E31FD7A7600065405B /* CGSize.swift */,
				B2D755E41FD7A7600065405B /* UIApplication.swift */,
				B2D755E51FD7A7600065405B /* UIBezierPath.swift */,
				B2D755E61FD7A7600065405B /* UIButton.swift */,
				B2D755E71FD7A7600065405B /* UIColor.swift */,
				B2D755E81FD7A7600065405B /* UIImageView.swift */,
				B2D755E91FD7A7600065405B /* UIScreen.swift */,
				B2D755EA1FD7A7600065405B /* UISlider.swift */,
				B2D755EB1FD7A7600065405B /* UIView.swift */,
				B2D755EC1FD7A7600065405B /* UIViewController.swift */,
			);
			path = Extensions;
			sourceTree = "<group>";
		};
		B2D755FC1FD7A7600065405B /* Thumbnails Controller */ = {
			isa = PBXGroup;
			children = (
				B2D755FD1FD7A7600065405B /* ThumbnailCell.swift */,
				B2D755FE1FD7A7600065405B /* ThumbnailsViewController.swift */,
			);
			path = "Thumbnails Controller";
			sourceTree = "<group>";
		};
		B2DDD4C11DCD704400749A82 /* Caches */ = {
			isa = PBXGroup;
			children = (
				B2DDD4C21DCD705C00749A82 /* TagCache.swift */,
				B29BEC701F4A862500696D47 /* ImageCache.swift */,
				B29007421F816CCA00270793 /* SearchCache.swift */,
			);
			name = Caches;
			sourceTree = "<group>";
		};
/* End PBXGroup section */

/* Begin PBXNativeTarget section */
		B27D65D81DBC17D3001E579A /* ImagePocket */ = {
			isa = PBXNativeTarget;
			buildConfigurationList = B27D65EB1DBC17D3001E579A /* Build configuration list for PBXNativeTarget "ImagePocket" */;
			buildPhases = (
				B27D65D51DBC17D3001E579A /* Sources */,
				B27D65D61DBC17D3001E579A /* Frameworks */,
				B27D65D71DBC17D3001E579A /* Resources */,
				B27D66221DBC1C39001E579A /* Embed Frameworks */,
			);
			buildRules = (
			);
			dependencies = (
				B27D66211DBC1C39001E579A /* PBXTargetDependency */,
				B27D66521DBD1C6C001E579A /* PBXTargetDependency */,
			);
			name = ImagePocket;
			productName = ImagePocket;
			productReference = B27D65D91DBC17D3001E579A /* ImagePocket.app */;
			productType = "com.apple.product-type.application";
		};
/* End PBXNativeTarget section */

/* Begin PBXProject section */
		B27D65D11DBC17D3001E579A /* Project object */ = {
			isa = PBXProject;
			attributes = {
				LastSwiftUpdateCheck = 0800;
				LastUpgradeCheck = 0900;
				ORGANIZATIONNAME = Serjo;
				TargetAttributes = {
					B27D65D81DBC17D3001E579A = {
						CreatedOnToolsVersion = 8.0;
						DevelopmentTeam = NAXXC43K8R;
						LastSwiftMigration = 0910;
						ProvisioningStyle = Automatic;
					};
				};
			};
			buildConfigurationList = B27D65D41DBC17D3001E579A /* Build configuration list for PBXProject "ImagePocket" */;
			compatibilityVersion = "Xcode 3.2";
			developmentRegion = English;
			hasScannedForEncodings = 0;
			knownRegions = (
				en,
				Base,
			);
			mainGroup = B27D65D01DBC17D3001E579A;
			productRefGroup = B27D65DA1DBC17D3001E579A /* Products */;
			projectDirPath = "";
			projectReferences = (
				{
					ProductGroup = B27D66471DBD1BE2001E579A /* Products */;
					ProjectRef = B27D66461DBD1BE2001E579A /* SideMenuController.xcodeproj */;
				},
				{
					ProductGroup = B27D66071DBC1C04001E579A /* Products */;
					ProjectRef = B27D66061DBC1C04001E579A /* SQLite.xcodeproj */;
				},
			);
			projectRoot = "";
			targets = (
				B27D65D81DBC17D3001E579A /* ImagePocket */,
			);
		};
/* End PBXProject section */

/* Begin PBXReferenceProxy section */
		B27D66111DBC1C04001E579A /* SQLite.framework */ = {
			isa = PBXReferenceProxy;
			fileType = wrapper.framework;
			path = SQLite.framework;
			remoteRef = B27D66101DBC1C04001E579A /* PBXContainerItemProxy */;
			sourceTree = BUILT_PRODUCTS_DIR;
		};
		B27D66131DBC1C04001E579A /* SQLiteTests iOS.xctest */ = {
			isa = PBXReferenceProxy;
			fileType = wrapper.cfbundle;
			path = "SQLiteTests iOS.xctest";
			remoteRef = B27D66121DBC1C04001E579A /* PBXContainerItemProxy */;
			sourceTree = BUILT_PRODUCTS_DIR;
		};
		B27D66151DBC1C04001E579A /* SQLite.framework */ = {
			isa = PBXReferenceProxy;
			fileType = wrapper.framework;
			path = SQLite.framework;
			remoteRef = B27D66141DBC1C04001E579A /* PBXContainerItemProxy */;
			sourceTree = BUILT_PRODUCTS_DIR;
		};
		B27D66171DBC1C04001E579A /* SQLiteTests Mac.xctest */ = {
			isa = PBXReferenceProxy;
			fileType = wrapper.cfbundle;
			path = "SQLiteTests Mac.xctest";
			remoteRef = B27D66161DBC1C04001E579A /* PBXContainerItemProxy */;
			sourceTree = BUILT_PRODUCTS_DIR;
		};
		B27D66191DBC1C04001E579A /* SQLite.framework */ = {
			isa = PBXReferenceProxy;
			fileType = wrapper.framework;
			path = SQLite.framework;
			remoteRef = B27D66181DBC1C04001E579A /* PBXContainerItemProxy */;
			sourceTree = BUILT_PRODUCTS_DIR;
		};
		B27D661B1DBC1C04001E579A /* SQLiteTests tvOS.xctest */ = {
			isa = PBXReferenceProxy;
			fileType = wrapper.cfbundle;
			path = "SQLiteTests tvOS.xctest";
			remoteRef = B27D661A1DBC1C04001E579A /* PBXContainerItemProxy */;
			sourceTree = BUILT_PRODUCTS_DIR;
		};
		B27D661D1DBC1C04001E579A /* SQLite.framework */ = {
			isa = PBXReferenceProxy;
			fileType = wrapper.framework;
			path = SQLite.framework;
			remoteRef = B27D661C1DBC1C04001E579A /* PBXContainerItemProxy */;
			sourceTree = BUILT_PRODUCTS_DIR;
		};
		B27D664C1DBD1BE2001E579A /* SideMenuController.framework */ = {
			isa = PBXReferenceProxy;
			fileType = wrapper.framework;
			path = SideMenuController.framework;
			remoteRef = B27D664B1DBD1BE2001E579A /* PBXContainerItemProxy */;
			sourceTree = BUILT_PRODUCTS_DIR;
		};
		B27D664E1DBD1BE2001E579A /* SideMenuControllerTests.xctest */ = {
			isa = PBXReferenceProxy;
			fileType = wrapper.cfbundle;
			path = SideMenuControllerTests.xctest;
			remoteRef = B27D664D1DBD1BE2001E579A /* PBXContainerItemProxy */;
			sourceTree = BUILT_PRODUCTS_DIR;
		};
/* End PBXReferenceProxy section */

/* Begin PBXResourcesBuildPhase section */
		B27D65D71DBC17D3001E579A /* Resources */ = {
			isa = PBXResourcesBuildPhase;
			buildActionMask = 2147483647;
			files = (
				B27D65E71DBC17D3001E579A /* LaunchScreen.storyboard in Resources */,
				B26CEE961FCB4736008DE0E2 /* iTunesArtwork@2x.png in Resources */,
				B27D65E41DBC17D3001E579A /* Assets.xcassets in Resources */,
				B29181601F538EB600DBBC86 /* NWSImageToken.xib in Resources */,
				B27D65E21DBC17D3001E579A /* Main.storyboard in Resources */,
			);
			runOnlyForDeploymentPostprocessing = 0;
		};
/* End PBXResourcesBuildPhase section */

/* Begin PBXSourcesBuildPhase section */
		B27D65D51DBC17D3001E579A /* Sources */ = {
			isa = PBXSourcesBuildPhase;
			buildActionMask = 2147483647;
			files = (
				B2D756121FD7A7600065405B /* UIApplication.swift in Sources */,
				B2A295A01F5E5EDB00289F8A /* PageContentViewController.swift in Sources */,
				B277463C1FC742EE003C6D28 /* AppStatus.swift in Sources */,
				B2B7F5D91F60E29F00D5E81A /* NotifiableOnTapProtocol.swift in Sources */,
				B2D7562F1FD7A7600065405B /* VideoViewController.swift in Sources */,
				B2D756291FD7A7600065405B /* Slider.swift in Sources */,
				B291815F1F538EB600DBBC86 /* NWSImageToken.swift in Sources */,
				B2D756261FD7A7600065405B /* ItemController.swift in Sources */,
				B27D66571DBDAAB0001E579A /* ContentViewController.swift in Sources */,
				B27D66551DBD9E4C001E579A /* CustomSideMenuController.swift in Sources */,
				B2D7561D1FD7A7600065405B /* GalleryItem.swift in Sources */,
				B2D756231FD7A7600065405B /* ImageFadeInHandler.swift in Sources */,
				B2D756181FD7A7600065405B /* UISlider.swift in Sources */,
				B2D756161FD7A7600065405B /* UIImageView.swift in Sources */,
				B2D7562A1FD7A7600065405B /* ThumbnailCell.swift in Sources */,
				B2D7561A1FD7A7600065405B /* UIViewController.swift in Sources */,
				B29BEC711F4A862500696D47 /* ImageCache.swift in Sources */,
				B2D756271FD7A7600065405B /* ItemControllerDelegate.swift in Sources */,
				B2AE26491F81243600CD0E6F /* SearchRepository.swift in Sources */,
				B2D7561B1FD7A7600065405B /* GalleryConfiguration.swift in Sources */,
				B2D7561F1FD7A7600065405B /* GalleryItemsDelegate.swift in Sources */,
				B2D661F51F5D9B8300AA16AB /* ContentViewProtocol.swift in Sources */,
				B2D7560F1FD7A7600065405B /* CGPoint.swift in Sources */,
				B21E09261F5CA178002C2B41 /* TagImageEntity.swift in Sources */,
				B2D756151FD7A7600065405B /* UIColor.swift in Sources */,
				B2D21EB71FCF8FFF00CB1556 /* ImageLoaders.swift in Sources */,
				B2D756111FD7A7600065405B /* CGSize.swift in Sources */,
				B25E4F851F8A816F00AE34C0 /* Settings.swift in Sources */,
				B2AE26541F812D9400CD0E6F /* SearchResultEntity.swift in Sources */,
				B2D756131FD7A7600065405B /* UIBezierPath.swift in Sources */,
				B291812F1F531AB600DBBC86 /* TagSelectorViewController.swift in Sources */,
				B2EDC42C1FB4BFA0007D8B56 /* Geohash.swift in Sources */,
				B2D7562C1FD7A7600065405B /* UtilityFunctions.swift in Sources */,
				B2D7560B1FD7A7600065405B /* AVPlayer.swift in Sources */,
				B2AE26521F812D7F00CD0E6F /* SearchEntity.swift in Sources */,
				B2D756101FD7A7600065405B /* CGRect.swift in Sources */,
				B2D756251FD7A7600065405B /* ItemBaseController.swift in Sources */,
				B2D7560A1FD7A7600065405B /* BlurView.swift in Sources */,
				B2D756201FD7A7600065405B /* GalleryPagingDataSource.swift in Sources */,
				B26714511FD30FCB00AE0A16 /* AppTitle.swift in Sources */,
				B2DDD4C01DCC3C5400749A82 /* Entity.swift in Sources */,
				B23280FD1FBB7331007B7B36 /* GeoHashEntity.swift in Sources */,
				B27D66251DBC1D10001E579A /* StringExtensions.swift in Sources */,
				B2DDD4C31DCD705C00749A82 /* TagCache.swift in Sources */,
				B2086FD61DC5A29900A18E71 /* TagEntity.swift in Sources */,
				B27D66271DBC1E7E001E579A /* SequenceTypeExtensions.swift in Sources */,
				B2B951391FD32C9100144038 /* MainViewController.swift in Sources */,
				B27D66591DBDAC69001E579A /* MenuController.swift in Sources */,
				B27D66301DBC3339001E579A /* ImageRepository.swift in Sources */,
				B2A295971F5E570100289F8A /* ImagePageViewController.swift in Sources */,
				B2D756281FD7A7600065405B /* LayoutEnums.swift in Sources */,
				B23095181F4E6219002166A9 /* ImagePreviewCell.swift in Sources */,
				B29007431F816CCA00270793 /* SearchCache.swift in Sources */,
				B27D662A1DBC2732001E579A /* DataStore.swift in Sources */,
				B2086FD81DC5AE0F00A18E71 /* ImageEntity.swift in Sources */,
				B2D7560E1FD7A7600065405B /* CAShapeLayer.swift in Sources */,
				B218000D1FC28C0200EE7924 /* AssetTaskProcessor.swift in Sources */,
				B2D756191FD7A7600065405B /* UIView.swift in Sources */,
				B29181431F5340B100DBBC86 /* NWSTokenView.swift in Sources */,
				B2DDD4C51DCD7E9B00749A82 /* MutableCollectionExtensions.swift in Sources */,
				B2D661FE1F5DC43C00AA16AB /* NotifiableOnCloseProtocol.swift in Sources */,
				B2D7561E1FD7A7600065405B /* GalleryItemsDataSource.swift in Sources */,
				B2D756211FD7A7600065405B /* GallerySwipeToDismissTransition.swift in Sources */,
				B2BD76A91FA6BE9800024DF9 /* Locking.swift in Sources */,
				B2D756171FD7A7600065405B /* UIScreen.swift in Sources */,
				B2EDC4421FB62249007D8B56 /* GeoHashRepository.swift in Sources */,
				B27D662E1DBC2DB0001E579A /* TagRepository.swift in Sources */,
				B24D23A41FDDF55F0096C8A9 /* TagsViewController.swift in Sources */,
				B2D7560D1FD7A7600065405B /* CALayer.swift in Sources */,
				B2558A891FC1159D00293DE3 /* AssetTaskRepository.swift in Sources */,
				B2D7562B1FD7A7600065405B /* ThumbnailsViewController.swift in Sources */,
				B27D662C1DBC2CFA001E579A /* DataAccessError.swift in Sources */,
				B2D756221FD7A7600065405B /* GalleryViewController.swift in Sources */,
				B2D7561C1FD7A7600065405B /* GalleryDisplacedViewsDataSource.swift in Sources */,
				B2BA67F71FC7A7B400C2C838 /* AsssetRepository.swift in Sources */,
				B2D7560C1FD7A7600065405B /* Bool.swift in Sources */,
				B2D756241FD7A7600065405B /* ImageViewController.swift in Sources */,
				B2558A801FC08FEC00293DE3 /* AssetTaskEntity.swift in Sources */,
				B2D7562D1FD7A7600065405B /* VideoScrubber.swift in Sources */,
				B29181421F5340B100DBBC86 /* NWSToken.swift in Sources */,
				B2D7562E1FD7A7600065405B /* VideoView.swift in Sources */,
				B27D65DD1DBC17D3001E579A /* AppDelegate.swift in Sources */,
				B2D756141FD7A7600065405B /* UIButton.swift in Sources */,
			);
			runOnlyForDeploymentPostprocessing = 0;
		};
/* End PBXSourcesBuildPhase section */

/* Begin PBXTargetDependency section */
		B27D66211DBC1C39001E579A /* PBXTargetDependency */ = {
			isa = PBXTargetDependency;
			name = "SQLite iOS";
			targetProxy = B27D66201DBC1C39001E579A /* PBXContainerItemProxy */;
		};
		B27D66521DBD1C6C001E579A /* PBXTargetDependency */ = {
			isa = PBXTargetDependency;
			name = SideMenuController;
			targetProxy = B27D66511DBD1C6C001E579A /* PBXContainerItemProxy */;
		};
/* End PBXTargetDependency section */

/* Begin PBXVariantGroup section */
		B27D65E01DBC17D3001E579A /* Main.storyboard */ = {
			isa = PBXVariantGroup;
			children = (
				B27D65E11DBC17D3001E579A /* Base */,
			);
			name = Main.storyboard;
			sourceTree = "<group>";
		};
		B27D65E51DBC17D3001E579A /* LaunchScreen.storyboard */ = {
			isa = PBXVariantGroup;
			children = (
				B27D65E61DBC17D3001E579A /* Base */,
			);
			name = LaunchScreen.storyboard;
			sourceTree = "<group>";
		};
/* End PBXVariantGroup section */

/* Begin XCBuildConfiguration section */
		B27D65E91DBC17D3001E579A /* Debug */ = {
			isa = XCBuildConfiguration;
			buildSettings = {
				ALWAYS_SEARCH_USER_PATHS = NO;
				CLANG_ANALYZER_NONNULL = YES;
				CLANG_CXX_LANGUAGE_STANDARD = "gnu++0x";
				CLANG_CXX_LIBRARY = "libc++";
				CLANG_ENABLE_MODULES = YES;
				CLANG_ENABLE_OBJC_ARC = YES;
				CLANG_WARN_BLOCK_CAPTURE_AUTORELEASING = YES;
				CLANG_WARN_BOOL_CONVERSION = YES;
				CLANG_WARN_COMMA = YES;
				CLANG_WARN_CONSTANT_CONVERSION = YES;
				CLANG_WARN_DIRECT_OBJC_ISA_USAGE = YES_ERROR;
				CLANG_WARN_DOCUMENTATION_COMMENTS = YES;
				CLANG_WARN_EMPTY_BODY = YES;
				CLANG_WARN_ENUM_CONVERSION = YES;
				CLANG_WARN_INFINITE_RECURSION = YES;
				CLANG_WARN_INT_CONVERSION = YES;
				CLANG_WARN_NON_LITERAL_NULL_CONVERSION = YES;
				CLANG_WARN_OBJC_LITERAL_CONVERSION = YES;
				CLANG_WARN_OBJC_ROOT_CLASS = YES_ERROR;
				CLANG_WARN_RANGE_LOOP_ANALYSIS = YES;
				CLANG_WARN_STRICT_PROTOTYPES = YES;
				CLANG_WARN_SUSPICIOUS_MOVE = YES;
				CLANG_WARN_SUSPICIOUS_MOVES = YES;
				CLANG_WARN_UNREACHABLE_CODE = YES;
				CLANG_WARN__DUPLICATE_METHOD_MATCH = YES;
				"CODE_SIGN_IDENTITY[sdk=iphoneos*]" = "iPhone Developer";
				COPY_PHASE_STRIP = NO;
				DEBUG_INFORMATION_FORMAT = dwarf;
				ENABLE_STRICT_OBJC_MSGSEND = YES;
				ENABLE_TESTABILITY = YES;
				GCC_C_LANGUAGE_STANDARD = gnu99;
				GCC_DYNAMIC_NO_PIC = NO;
				GCC_NO_COMMON_BLOCKS = YES;
				GCC_OPTIMIZATION_LEVEL = 0;
				GCC_PREPROCESSOR_DEFINITIONS = (
					"DEBUG=1",
					"$(inherited)",
				);
				GCC_WARN_64_TO_32_BIT_CONVERSION = YES;
				GCC_WARN_ABOUT_RETURN_TYPE = YES_ERROR;
				GCC_WARN_UNDECLARED_SELECTOR = YES;
				GCC_WARN_UNINITIALIZED_AUTOS = YES_AGGRESSIVE;
				GCC_WARN_UNUSED_FUNCTION = YES;
				GCC_WARN_UNUSED_VARIABLE = YES;
				IPHONEOS_DEPLOYMENT_TARGET = 11.0;
				MTL_ENABLE_DEBUG_INFO = YES;
				ONLY_ACTIVE_ARCH = YES;
				SDKROOT = iphoneos;
				SWIFT_ACTIVE_COMPILATION_CONDITIONS = DEBUG;
				SWIFT_OPTIMIZATION_LEVEL = "-Onone";
				SWIFT_VERSION = 4.0;
				TARGETED_DEVICE_FAMILY = "1,2";
			};
			name = Debug;
		};
		B27D65EA1DBC17D3001E579A /* Release */ = {
			isa = XCBuildConfiguration;
			buildSettings = {
				ALWAYS_SEARCH_USER_PATHS = NO;
				CLANG_ANALYZER_NONNULL = YES;
				CLANG_CXX_LANGUAGE_STANDARD = "gnu++0x";
				CLANG_CXX_LIBRARY = "libc++";
				CLANG_ENABLE_MODULES = YES;
				CLANG_ENABLE_OBJC_ARC = YES;
				CLANG_WARN_BLOCK_CAPTURE_AUTORELEASING = YES;
				CLANG_WARN_BOOL_CONVERSION = YES;
				CLANG_WARN_COMMA = YES;
				CLANG_WARN_CONSTANT_CONVERSION = YES;
				CLANG_WARN_DIRECT_OBJC_ISA_USAGE = YES_ERROR;
				CLANG_WARN_DOCUMENTATION_COMMENTS = YES;
				CLANG_WARN_EMPTY_BODY = YES;
				CLANG_WARN_ENUM_CONVERSION = YES;
				CLANG_WARN_INFINITE_RECURSION = YES;
				CLANG_WARN_INT_CONVERSION = YES;
				CLANG_WARN_NON_LITERAL_NULL_CONVERSION = YES;
				CLANG_WARN_OBJC_LITERAL_CONVERSION = YES;
				CLANG_WARN_OBJC_ROOT_CLASS = YES_ERROR;
				CLANG_WARN_RANGE_LOOP_ANALYSIS = YES;
				CLANG_WARN_STRICT_PROTOTYPES = YES;
				CLANG_WARN_SUSPICIOUS_MOVE = YES;
				CLANG_WARN_SUSPICIOUS_MOVES = YES;
				CLANG_WARN_UNREACHABLE_CODE = YES;
				CLANG_WARN__DUPLICATE_METHOD_MATCH = YES;
				"CODE_SIGN_IDENTITY[sdk=iphoneos*]" = "iPhone Developer";
				COPY_PHASE_STRIP = NO;
				DEBUG_INFORMATION_FORMAT = "dwarf-with-dsym";
				ENABLE_NS_ASSERTIONS = NO;
				ENABLE_STRICT_OBJC_MSGSEND = YES;
				GCC_C_LANGUAGE_STANDARD = gnu99;
				GCC_NO_COMMON_BLOCKS = YES;
				GCC_WARN_64_TO_32_BIT_CONVERSION = YES;
				GCC_WARN_ABOUT_RETURN_TYPE = YES_ERROR;
				GCC_WARN_UNDECLARED_SELECTOR = YES;
				GCC_WARN_UNINITIALIZED_AUTOS = YES_AGGRESSIVE;
				GCC_WARN_UNUSED_FUNCTION = YES;
				GCC_WARN_UNUSED_VARIABLE = YES;
				IPHONEOS_DEPLOYMENT_TARGET = 11.0;
				MTL_ENABLE_DEBUG_INFO = NO;
				SDKROOT = iphoneos;
				SWIFT_OPTIMIZATION_LEVEL = "-Owholemodule";
				SWIFT_VERSION = 4.0;
				TARGETED_DEVICE_FAMILY = "1,2";
				VALIDATE_PRODUCT = YES;
			};
			name = Release;
		};
		B27D65EC1DBC17D3001E579A /* Debug */ = {
			isa = XCBuildConfiguration;
			buildSettings = {
				ALWAYS_EMBED_SWIFT_STANDARD_LIBRARIES = YES;
				ASSETCATALOG_COMPILER_APPICON_NAME = AppIcon;
				"CODE_SIGN_IDENTITY[sdk=iphoneos*]" = "iPhone Developer";
				CODE_SIGN_STYLE = Automatic;
				DEVELOPMENT_TEAM = NAXXC43K8R;
				FRAMEWORK_SEARCH_PATHS = (
					"$(inherited)",
					"$(PROJECT_DIR)",
				);
				INFOPLIST_FILE = ImagePocket/Info.plist;
				LD_RUNPATH_SEARCH_PATHS = "$(inherited) @executable_path/Frameworks";
				PRODUCT_BUNDLE_IDENTIFIER = io.tinynote.ImagePocket;
				PRODUCT_NAME = "$(TARGET_NAME)";
				PROVISIONING_PROFILE = "";
				PROVISIONING_PROFILE_SPECIFIER = "";
				SWIFT_SWIFT3_OBJC_INFERENCE = Default;
				SWIFT_VERSION = 4.0;
			};
			name = Debug;
		};
		B27D65ED1DBC17D3001E579A /* Release */ = {
			isa = XCBuildConfiguration;
			buildSettings = {
				ALWAYS_EMBED_SWIFT_STANDARD_LIBRARIES = YES;
				ASSETCATALOG_COMPILER_APPICON_NAME = AppIcon;
				"CODE_SIGN_IDENTITY[sdk=iphoneos*]" = "iPhone Developer";
				CODE_SIGN_STYLE = Automatic;
				DEVELOPMENT_TEAM = NAXXC43K8R;
				FRAMEWORK_SEARCH_PATHS = (
					"$(inherited)",
					"$(PROJECT_DIR)",
				);
				INFOPLIST_FILE = ImagePocket/Info.plist;
				LD_RUNPATH_SEARCH_PATHS = "$(inherited) @executable_path/Frameworks";
				PRODUCT_BUNDLE_IDENTIFIER = io.tinynote.ImagePocket;
				PRODUCT_NAME = "$(TARGET_NAME)";
				PROVISIONING_PROFILE = "";
				PROVISIONING_PROFILE_SPECIFIER = "";
				SWIFT_SWIFT3_OBJC_INFERENCE = Default;
				SWIFT_VERSION = 4.0;
			};
			name = Release;
		};
/* End XCBuildConfiguration section */

/* Begin XCConfigurationList section */
		B27D65D41DBC17D3001E579A /* Build configuration list for PBXProject "ImagePocket" */ = {
			isa = XCConfigurationList;
			buildConfigurations = (
				B27D65E91DBC17D3001E579A /* Debug */,
				B27D65EA1DBC17D3001E579A /* Release */,
			);
			defaultConfigurationIsVisible = 0;
			defaultConfigurationName = Release;
		};
		B27D65EB1DBC17D3001E579A /* Build configuration list for PBXNativeTarget "ImagePocket" */ = {
			isa = XCConfigurationList;
			buildConfigurations = (
				B27D65EC1DBC17D3001E579A /* Debug */,
				B27D65ED1DBC17D3001E579A /* Release */,
			);
			defaultConfigurationIsVisible = 0;
			defaultConfigurationName = Release;
		};
/* End XCConfigurationList section */
	};
	rootObject = B27D65D11DBC17D3001E579A /* Project object */;
}
